
Microsoft Visual Studio Solution File, Format Version 12.00
# Visual Studio 14
VisualStudioVersion = 14.0.25420.1
MinimumVisualStudioVersion = 10.0.40219.1
Project("{FAE04EC0-301F-11D3-BF4B-00C04F79EFBC}") = "HCEngine", "HCEngine\HCEngine.csproj", "{17A71DFD-BE1A-4364-AB06-877D6CE142EC}"
EndProject
Project("{FAE04EC0-301F-11D3-BF4B-00C04F79EFBC}") = "HCEngine.UnitTesting", "HCEngine.UnitTesting\HCEngine.UnitTesting.csproj", "{97FCD5F7-878A-49B5-AD98-CD91B75F65C0}"
EndProject
Global
	GlobalSection(SolutionConfigurationPlatforms) = preSolution
		Debug|Any CPU = Debug|Any CPU
		Release|Any CPU = Release|Any CPU
	EndGlobalSection
	GlobalSection(ProjectConfigurationPlatforms) = postSolution
		{17A71DFD-BE1A-4364-AB06-877D6CE142EC}.Debug|Any CPU.ActiveCfg = Debug|Any CPU
		{17A71DFD-BE1A-4364-AB06-877D6CE142EC}.Debug|Any CPU.Build.0 = Debug|Any CPU
		{17A71DFD-BE1A-4364-AB06-877D6CE142EC}.Release|Any CPU.ActiveCfg = Release|Any CPU
		{17A71DFD-BE1A-4364-AB06-877D6CE142EC}.Release|Any CPU.Build.0 = Release|Any CPU
		{97FCD5F7-878A-49B5-AD98-CD91B75F65C0}.Debug|Any CPU.ActiveCfg = Debug|Any CPU
		{97FCD5F7-878A-49B5-AD98-CD91B75F65C0}.Debug|Any CPU.Build.0 = Debug|Any CPU
		{97FCD5F7-878A-49B5-AD98-CD91B75F65C0}.Release|Any CPU.ActiveCfg = Release|Any CPU
		{97FCD5F7-878A-49B5-AD98-CD91B75F65C0}.Release|Any CPU.Build.0 = Release|Any CPU
	EndGlobalSection
	GlobalSection(SolutionProperties) = preSolution
		HideSolutionNode = FALSE
	EndGlobalSection
EndGlobal
